
Microsoft Visual Studio Solution File, Format Version 12.00
# Visual Studio 15
VisualStudioVersion = 15.0.27130.2010
MinimumVisualStudioVersion = 10.0.40219.1
Project("{FAE04EC0-301F-11D3-BF4B-00C04F79EFBC}") = "GameOfLife", "GameOfLife\GameOfLife.csproj", "{F5ADADB6-085C-4A55-B186-54BE5660B2BE}"
EndProject
Project("{FAE04EC0-301F-11D3-BF4B-00C04F79EFBC}") = "GameOfLife.UnitTests", "..\GameOfLife.UnitTests\GameOfLife.UnitTests.csproj", "{AF162846-80BF-4CD0-BD6F-504576DFFCBB}"
EndProject
Global
	GlobalSection(SolutionConfigurationPlatforms) = preSolution
		Debug|Any CPU = Debug|Any CPU
		Release|Any CPU = Release|Any CPU
	EndGlobalSection
	GlobalSection(ProjectConfigurationPlatforms) = postSolution
		{F5ADADB6-085C-4A55-B186-54BE5660B2BE}.Debug|Any CPU.ActiveCfg = Debug|Any CPU
		{F5ADADB6-085C-4A55-B186-54BE5660B2BE}.Debug|Any CPU.Build.0 = Debug|Any CPU
		{F5ADADB6-085C-4A55-B186-54BE5660B2BE}.Release|Any CPU.ActiveCfg = Release|Any CPU
		{F5ADADB6-085C-4A55-B186-54BE5660B2BE}.Release|Any CPU.Build.0 = Release|Any CPU
		{AF162846-80BF-4CD0-BD6F-504576DFFCBB}.Debug|Any CPU.ActiveCfg = Debug|Any CPU
		{AF162846-80BF-4CD0-BD6F-504576DFFCBB}.Debug|Any CPU.Build.0 = Debug|Any CPU
		{AF162846-80BF-4CD0-BD6F-504576DFFCBB}.Release|Any CPU.ActiveCfg = Release|Any CPU
		{AF162846-80BF-4CD0-BD6F-504576DFFCBB}.Release|Any CPU.Build.0 = Release|Any CPU
	EndGlobalSection
	GlobalSection(SolutionProperties) = preSolution
		HideSolutionNode = FALSE
	EndGlobalSection
	GlobalSection(ExtensibilityGlobals) = postSolution
		SolutionGuid = {91D2B0BA-B69A-4DFE-8C3B-0B7274A1778A}
	EndGlobalSection
EndGlobal
